// !$*UTF8*$!
{
	archiveVersion = 1;
	classes = {
	};
	objectVersion = 46;
	objects = {

/* Begin PBXBuildFile section */
		64AD05021D751C4E003DA3EC /* AppDelegate.swift in Sources */ = {isa = PBXBuildFile; fileRef = 64AD05011D751C4E003DA3EC /* AppDelegate.swift */; };
		64AD05041D751C4E003DA3EC /* ViewController.swift in Sources */ = {isa = PBXBuildFile; fileRef = 64AD05031D751C4E003DA3EC /* ViewController.swift */; };
		64AD05071D751C4E003DA3EC /* Main.storyboard in Resources */ = {isa = PBXBuildFile; fileRef = 64AD05051D751C4E003DA3EC /* Main.storyboard */; };
		64AD05091D751C4E003DA3EC /* Pizza.png in Resources */ = {isa = PBXBuildFile; fileRef = 64AD05081D751C4E003DA3EC /* Pizza.png */; };
		64AD050C1D751C4E003DA3EC /* LaunchScreen.storyboard in Resources */ = {isa = PBXBuildFile; fileRef = 64AD050A1D751C4E003DA3EC /* LaunchScreen.storyboard */; };
		64AD05141D75251F003DA3EC /* PizzaAnnotation.swift in Sources */ = {isa = PBXBuildFile; fileRef = 64AD05131D75251F003DA3EC /* PizzaAnnotation.swift */; };
/* End PBXBuildFile section */

/* Begin PBXFileReference section */
		64AD04FE1D751C4E003DA3EC /* PizzaHunterz.app */ = {isa = PBXFileReference; explicitFileType = wrapper.application; includeInIndex = 0; path = PizzaHunterz.app; sourceTree = BUILT_PRODUCTS_DIR; };
		64AD05011D751C4E003DA3EC /* AppDelegate.swift */ = {isa = PBXFileReference; lastKnownFileType = sourcecode.swift; path = AppDelegate.swift; sourceTree = "<group>"; };
		64AD05031D751C4E003DA3EC /* ViewController.swift */ = {isa = PBXFileReference; lastKnownFileType = sourcecode.swift; path = ViewController.swift; sourceTree = "<group>"; };
		64AD05061D751C4E003DA3EC /* Base */ = {isa = PBXFileReference; lastKnownFileType = file.storyboard; name = Base; path = Base.lproj/Main.storyboard; sourceTree = "<group>"; };
		64AD05081D751C4E003DA3EC /* Pizza.png */ = {isa = PBXFileReference; lastKnownFileType = image.png; path = Pizza.png; sourceTree = "<group>"; };
		64AD050B1D751C4E003DA3EC /* Base */ = {isa = PBXFileReference; lastKnownFileType = file.storyboard; name = Base; path = Base.lproj/LaunchScreen.storyboard; sourceTree = "<group>"; };
		64AD050D1D751C4E003DA3EC /* Info.plist */ = {isa = PBXFileReference; lastKnownFileType = text.plist.xml; path = Info.plist; sourceTree = "<group>"; };
		64AD05131D75251F003DA3EC /* PizzaAnnotation.swift */ = {isa = PBXFileReference; fileEncoding = 4; lastKnownFileType = sourcecode.swift; path = PizzaAnnotation.swift; sourceTree = "<group>"; };
/* End PBXFileReference section */

/* Begin PBXFrameworksBuildPhase section */
		64AD04FB1D751C4D003DA3EC /* Frameworks */ = {
			isa = PBXFrameworksBuildPhase;
			buildActionMask = 2147483647;
			files = (
			);
			runOnlyForDeploymentPostprocessing = 0;
		};
/* End PBXFrameworksBuildPhase section */

/* Begin PBXGroup section */
		64AD04F51D751C4D003DA3EC = {
			isa = PBXGroup;
			children = (
				64AD05001D751C4E003DA3EC /* PizzaHunterz */,
				64AD04FF1D751C4E003DA3EC /* Products */,
			);
			sourceTree = "<group>";
		};
		64AD04FF1D751C4E003DA3EC /* Products */ = {
			isa = PBXGroup;
			children = (
				64AD04FE1D751C4E003DA3EC /* PizzaHunterz.app */,
			);
			name = Products;
			sourceTree = "<group>";
		};
		64AD05001D751C4E003DA3EC /* PizzaHunterz */ = {
			isa = PBXGroup;
			children = (
				64AD05011D751C4E003DA3EC /* AppDelegate.swift */,
				64AD05031D751C4E003DA3EC /* ViewController.swift */,
				64AD05051D751C4E003DA3EC /* Main.storyboard */,
				64AD05081D751C4E003DA3EC /* Pizza.png */,
				64AD050A1D751C4E003DA3EC /* LaunchScreen.storyboard */,
				64AD050D1D751C4E003DA3EC /* Info.plist */,
				64AD05131D75251F003DA3EC /* PizzaAnnotation.swift */,
			);
			path = PizzaHunterz;
			sourceTree = "<group>";
		};
/* End PBXGroup section */

/* Begin PBXNativeTarget section */
		64AD04FD1D751C4D003DA3EC /* PizzaHunterz */ = {
			isa = PBXNativeTarget;
			buildConfigurationList = 64AD05101D751C4E003DA3EC /* Build configuration list for PBXNativeTarget "PizzaHunterz" */;
			buildPhases = (
				64AD04FA1D751C4D003DA3EC /* Sources */,
				64AD04FB1D751C4D003DA3EC /* Frameworks */,
				64AD04FC1D751C4D003DA3EC /* Resources */,
			);
			buildRules = (
			);
			dependencies = (
			);
			name = PizzaHunterz;
			productName = PizzaHunterz;
			productReference = 64AD04FE1D751C4E003DA3EC /* PizzaHunterz.app */;
			productType = "com.apple.product-type.application";
		};
/* End PBXNativeTarget section */

/* Begin PBXProject section */
		64AD04F61D751C4D003DA3EC /* Project object */ = {
			isa = PBXProject;
			attributes = {
				LastSwiftUpdateCheck = 0730;
				LastUpgradeCheck = 0730;
				ORGANIZATIONNAME = TravisSasselli;
				TargetAttributes = {
					64AD04FD1D751C4D003DA3EC = {
						CreatedOnToolsVersion = 7.3.1;
					};
				};
			};
			buildConfigurationList = 64AD04F91D751C4D003DA3EC /* Build configuration list for PBXProject "PizzaHunterz" */;
			compatibilityVersion = "Xcode 3.2";
			developmentRegion = English;
			hasScannedForEncodings = 0;
			knownRegions = (
				en,
				Base,
			);
			mainGroup = 64AD04F51D751C4D003DA3EC;
			productRefGroup = 64AD04FF1D751C4E003DA3EC /* Products */;
			projectDirPath = "";
			projectRoot = "";
			targets = (
				64AD04FD1D751C4D003DA3EC /* PizzaHunterz */,
			);
		};
/* End PBXProject section */

/* Begin PBXResourcesBuildPhase section */
		64AD04FC1D751C4D003DA3EC /* Resources */ = {
			isa = PBXResourcesBuildPhase;
			buildActionMask = 2147483647;
			files = (
				64AD050C1D751C4E003DA3EC /* LaunchScreen.storyboard in Resources */,
				64AD05091D751C4E003DA3EC /* Pizza.png in Resources */,
				64AD05071D751C4E003DA3EC /* Main.storyboard in Resources */,
			);
			runOnlyForDeploymentPostprocessing = 0;
		};
/* End PBXResourcesBuildPhase section */

/* Begin PBXSourcesBuildPhase section */
		64AD04FA1D751C4D003DA3EC /* Sources */ = {
			isa = PBXSourcesBuildPhase;
			buildActionMask = 2147483647;
			files = (
				64AD05141D75251F003DA3EC /* PizzaAnnotation.swift in Sources */,
				64AD05041D751C4E003DA3EC /* ViewController.swift in Sources */,
				64AD05021D751C4E003DA3EC /* AppDelegate.swift in Sources */,
			);
			runOnlyForDeploymentPostprocessing = 0;
		};
/* End PBXSourcesBuildPhase section */

/* Begin PBXVariantGroup section */
		64AD05051D751C4E003DA3EC /* Main.storyboard */ = {
			isa = PBXVariantGroup;
			children = (
				64AD05061D751C4E003DA3EC /* Base */,
			);
			name = Main.storyboard;
			sourceTree = "<group>";
		};
		64AD050A1D751C4E003DA3EC /* LaunchScreen.storyboard */ = {
			isa = PBXVariantGroup;
			children = (
				64AD050B1D751C4E003DA3EC /* Base */,
			);
			name = LaunchScreen.storyboard;
			sourceTree = "<group>";
		};
/* End PBXVariantGroup section */

/* Begin XCBuildConfiguration section */
		64AD050E1D751C4E003DA3EC /* Debug */ = {
			isa = XCBuildConfiguration;
			buildSettings = {
				ALWAYS_SEARCH_USER_PATHS = NO;
				CLANG_ANALYZER_NONNULL = YES;
				CLANG_CXX_LANGUAGE_STANDARD = "gnu++0x";
				CLANG_CXX_LIBRARY = "libc++";
				CLANG_ENABLE_MODULES = YES;
				CLANG_ENABLE_OBJC_ARC = YES;
				CLANG_WARN_BOOL_CONVERSION = YES;
				CLANG_WARN_CONSTANT_CONVERSION = YES;
				CLANG_WARN_DIRECT_OBJC_ISA_USAGE = YES_ERROR;
				CLANG_WARN_EMPTY_BODY = YES;
				CLANG_WARN_ENUM_CONVERSION = YES;
				CLANG_WARN_INT_CONVERSION = YES;
				CLANG_WARN_OBJC_ROOT_CLASS = YES_ERROR;
				CLANG_WARN_UNREACHABLE_CODE = YES;
				CLANG_WARN__DUPLICATE_METHOD_MATCH = YES;
				"CODE_SIGN_IDENTITY[sdk=iphoneos*]" = "iPhone Developer";
				COPY_PHASE_STRIP = NO;
				DEBUG_INFORMATION_FORMAT = dwarf;
				ENABLE_STRICT_OBJC_MSGSEND = YES;
				ENABLE_TESTABILITY = YES;
				GCC_C_LANGUAGE_STANDARD = gnu99;
				GCC_DYNAMIC_NO_PIC = NO;
				GCC_NO_COMMON_BLOCKS = YES;
				GCC_OPTIMIZATION_LEVEL = 0;
				GCC_PREPROCESSOR_DEFINITIONS = (
					"DEBUG=1",
					"$(inherited)",
				);
				GCC_WARN_64_TO_32_BIT_CONVERSION = YES;
				GCC_WARN_ABOUT_RETURN_TYPE = YES_ERROR;
				GCC_WARN_UNDECLARED_SELECTOR = YES;
				GCC_WARN_UNINITIALIZED_AUTOS = YES_AGGRESSIVE;
				GCC_WARN_UNUSED_FUNCTION = YES;
				GCC_WARN_UNUSED_VARIABLE = YES;
				IPHONEOS_DEPLOYMENT_TARGET = 9.3;
				MTL_ENABLE_DEBUG_INFO = YES;
				ONLY_ACTIVE_ARCH = YES;
				SDKROOT = iphoneos;
				SWIFT_OPTIMIZATION_LEVEL = "-Onone";
			};
			name = Debug;
		};
		64AD050F1D751C4E003DA3EC /* Release */ = {
			isa = XCBuildConfiguration;
			buildSettings = {
				ALWAYS_SEARCH_USER_PATHS = NO;
				CLANG_ANALYZER_NONNULL = YES;
				CLANG_CXX_LANGUAGE_STANDARD = "gnu++0x";
				CLANG_CXX_LIBRARY = "libc++";
				CLANG_ENABLE_MODULES = YES;
				CLANG_ENABLE_OBJC_ARC = YES;
				CLANG_WARN_BOOL_CONVERSION = YES;
				CLANG_WARN_CONSTANT_CONVERSION = YES;
				CLANG_WARN_DIRECT_OBJC_ISA_USAGE = YES_ERROR;
				CLANG_WARN_EMPTY_BODY = YES;
				CLANG_WARN_ENUM_CONVERSION = YES;
				CLANG_WARN_INT_CONVERSION = YES;
				CLANG_WARN_OBJC_ROOT_CLASS = YES_ERROR;
				CLANG_WARN_UNREACHABLE_CODE = YES;
				CLANG_WARN__DUPLICATE_METHOD_MATCH = YES;
				"CODE_SIGN_IDENTITY[sdk=iphoneos*]" = "iPhone Developer";
				COPY_PHASE_STRIP = NO;
				DEBUG_INFORMATION_FORMAT = "dwarf-with-dsym";
				ENABLE_NS_ASSERTIONS = NO;
				ENABLE_STRICT_OBJC_MSGSEND = YES;
				GCC_C_LANGUAGE_STANDARD = gnu99;
				GCC_NO_COMMON_BLOCKS = YES;
				GCC_WARN_64_TO_32_BIT_CONVERSION = YES;
				GCC_WARN_ABOUT_RETURN_TYPE = YES_ERROR;
				GCC_WARN_UNDECLARED_SELECTOR = YES;
				GCC_WARN_UNINITIALIZED_AUTOS = YES_AGGRESSIVE;
				GCC_WARN_UNUSED_FUNCTION = YES;
				GCC_WARN_UNUSED_VARIABLE = YES;
				IPHONEOS_DEPLOYMENT_TARGET = 9.3;
				MTL_ENABLE_DEBUG_INFO = NO;
				SDKROOT = iphoneos;
				VALIDATE_PRODUCT = YES;
			};
			name = Release;
		};
		64AD05111D751C4E003DA3EC /* Debug */ = {
			isa = XCBuildConfiguration;
			buildSettings = {
				ASSETCATALOG_COMPILER_APPICON_NAME = AppIcon;
				INFOPLIST_FILE = PizzaHunterz/Info.plist;
				LD_RUNPATH_SEARCH_PATHS = "$(inherited) @executable_path/Frameworks";
				PRODUCT_BUNDLE_IDENTIFIER = com.tsasselli.PizzaHunterz;
				PRODUCT_NAME = "$(TARGET_NAME)";
			};
			name = Debug;
		};
		64AD05121D751C4E003DA3EC /* Release */ = {
			isa = XCBuildConfiguration;
			buildSettings = {
				ASSETCATALOG_COMPILER_APPICON_NAME = AppIcon;
				INFOPLIST_FILE = PizzaHunterz/Info.plist;
				LD_RUNPATH_SEARCH_PATHS = "$(inherited) @executable_path/Frameworks";
				PRODUCT_BUNDLE_IDENTIFIER = com.tsasselli.PizzaHunterz;
				PRODUCT_NAME = "$(TARGET_NAME)";
			};
			name = Release;
		};
/* End XCBuildConfiguration section */

/* Begin XCConfigurationList section */
		64AD04F91D751C4D003DA3EC /* Build configuration list for PBXProject "PizzaHunterz" */ = {
			isa = XCConfigurationList;
			buildConfigurations = (
				64AD050E1D751C4E003DA3EC /* Debug */,
				64AD050F1D751C4E003DA3EC /* Release */,
			);
			defaultConfigurationIsVisible = 0;
			defaultConfigurationName = Release;
		};
		64AD05101D751C4E003DA3EC /* Build configuration list for PBXNativeTarget "PizzaHunterz" */ = {
			isa = XCConfigurationList;
			buildConfigurations = (
				64AD05111D751C4E003DA3EC /* Debug */,
				64AD05121D751C4E003DA3EC /* Release */,
			);
			defaultConfigurationIsVisible = 0;
			defaultConfigurationName = Release;
		};
/* End XCConfigurationList section */
	};
	rootObject = 64AD04F61D751C4D003DA3EC /* Project object */;
}
